
Microsoft Visual Studio Solution File, Format Version 12.00
# Visual Studio Version 17
VisualStudioVersion = 17.11.35312.102
MinimumVisualStudioVersion = 10.0.40219.1
Project("{FAE04EC0-301F-11D3-BF4B-00C04F79EFBC}") = "DVLD", "DVLD.csproj", "{4D9B6DFA-27CC-47F4-96FC-BD696617CE18}"
EndProject
Project("{FAE04EC0-301F-11D3-BF4B-00C04F79EFBC}") = "DVLD_Business", "..\DVLD_Business\DVLD_Business.csproj", "{FEDC900C-FC58-4F24-8B03-57ADE32FCB88}"
EndProject
Project("{FAE04EC0-301F-11D3-BF4B-00C04F79EFBC}") = "DVLD_DataAccess", "..\DVLD_DataAccess\DVLD_DataAccess.csproj", "{441EF16E-A9CE-4F60-A3DC-6ACA94C69062}"
EndProject
Project("{2150E333-8FDC-42A3-9474-1A3956D46DE8}") = "Solution Items", "Solution Items", "{1F6BB005-6415-4F05-A108-FBA73EC25B62}"
	ProjectSection(SolutionItems) = preProject
		.gitignore = .gitignore
	EndProjectSection
EndProject
Global
	GlobalSection(SolutionConfigurationPlatforms) = preSolution
		Debug|Any CPU = Debug|Any CPU
		Release|Any CPU = Release|Any CPU
	EndGlobalSection
	GlobalSection(ProjectConfigurationPlatforms) = postSolution
		{4D9B6DFA-27CC-47F4-96FC-BD696617CE18}.Debug|Any CPU.ActiveCfg = Debug|Any CPU
		{4D9B6DFA-27CC-47F4-96FC-BD696617CE18}.Debug|Any CPU.Build.0 = Debug|Any CPU
		{4D9B6DFA-27CC-47F4-96FC-BD696617CE18}.Release|Any CPU.ActiveCfg = Release|Any CPU
		{4D9B6DFA-27CC-47F4-96FC-BD696617CE18}.Release|Any CPU.Build.0 = Release|Any CPU
		{FEDC900C-FC58-4F24-8B03-57ADE32FCB88}.Debug|Any CPU.ActiveCfg = Debug|Any CPU
		{FEDC900C-FC58-4F24-8B03-57ADE32FCB88}.Debug|Any CPU.Build.0 = Debug|Any CPU
		{FEDC900C-FC58-4F24-8B03-57ADE32FCB88}.Release|Any CPU.ActiveCfg = Release|Any CPU
		{FEDC900C-FC58-4F24-8B03-57ADE32FCB88}.Release|Any CPU.Build.0 = Release|Any CPU
		{441EF16E-A9CE-4F60-A3DC-6ACA94C69062}.Debug|Any CPU.ActiveCfg = Debug|Any CPU
		{441EF16E-A9CE-4F60-A3DC-6ACA94C69062}.Debug|Any CPU.Build.0 = Debug|Any CPU
		{441EF16E-A9CE-4F60-A3DC-6ACA94C69062}.Release|Any CPU.ActiveCfg = Release|Any CPU
		{441EF16E-A9CE-4F60-A3DC-6ACA94C69062}.Release|Any CPU.Build.0 = Release|Any CPU
	EndGlobalSection
	GlobalSection(SolutionProperties) = preSolution
		HideSolutionNode = FALSE
	EndGlobalSection
	GlobalSection(ExtensibilityGlobals) = postSolution
		SolutionGuid = {6E1FB2B1-D454-4CA3-A55D-5A175C695783}
	EndGlobalSection
EndGlobal
